
Microsoft Visual Studio Solution File, Format Version 12.00
# Visual Studio Version 17
VisualStudioVersion = 17.4.33103.184
MinimumVisualStudioVersion = 10.0.40219.1
Project("{FAE04EC0-301F-11D3-BF4B-00C04F79EFBC}") = "bracket", "bracket\bracket.csproj", "{C77C011B-AE85-4804-A512-E55E5ED79C77}"
EndProject
Global
	GlobalSection(SolutionConfigurationPlatforms) = preSolution
		Debug|Any CPU = Debug|Any CPU
		Release|Any CPU = Release|Any CPU
	EndGlobalSection
	GlobalSection(ProjectConfigurationPlatforms) = postSolution
		{C77C011B-AE85-4804-A512-E55E5ED79C77}.Debug|Any CPU.ActiveCfg = Debug|Any CPU
		{C77C011B-AE85-4804-A512-E55E5ED79C77}.Debug|Any CPU.Build.0 = Debug|Any CPU
		{C77C011B-AE85-4804-A512-E55E5ED79C77}.Release|Any CPU.ActiveCfg = Release|Any CPU
		{C77C011B-AE85-4804-A512-E55E5ED79C77}.Release|Any CPU.Build.0 = Release|Any CPU
	EndGlobalSection
	GlobalSection(SolutionProperties) = preSolution
		HideSolutionNode = FALSE
	EndGlobalSection
	GlobalSection(ExtensibilityGlobals) = postSolution
		SolutionGuid = {3EB70BAA-7FE6-4A25-808A-CED99F1EE63C}
	EndGlobalSection
EndGlobal
